dependencies:
- name: dynamic-zones
  repository: oci://ghcr.io/pfisterer/charts
  version: 0.7.11
- name: openstack-management-api
  repository: oci://ghcr.io/pfisterer/charts
  version: 0.8.8
- name: role-provider-service
  repository: oci://ghcr.io/pfisterer/charts
  version: 0.6.7
- name: self-service-ui
  repository: oci://ghcr.io/pfisterer/charts
  version: 0.8.9-test.2
digest: sha256:fc18bd1e12fc78a1039e19ce8d9cb5fc60f1ee469184aa9d79680ee18284eb86
generated: "2026-08-24T06:24:21.727444879Z"
