dependencies:
- name: dynamic-zones
  repository: oci://ghcr.io/pfisterer/charts
  version: 0.8.8
- name: openstack-management-api
  repository: oci://ghcr.io/pfisterer/charts
  version: 0.8.22
- name: role-provider-service
  repository: oci://ghcr.io/pfisterer/charts
  version: 0.7.0
- name: self-service-ui
  repository: oci://ghcr.io/pfisterer/charts
  version: 0.8.48
digest: sha256:76501b5db674898354629d42e3736301e317d8c213b31b671db6616ea448d647
generated: "2026-09-30T08:24:51.297871+02:00"
